// !$*UTF8*$!
{
	archiveVersion = 1;
	classes = {
	};
	objectVersion = 56;
	objects = {

/* Begin PBXBuildFile section */
		36637E782ABD270B006063BA /* AppDelegate.swift in Sources */ = {isa = PBXBuildFile; fileRef = 36637E772ABD270B006063BA /* AppDelegate.swift */; };
		36637E7A2ABD270B006063BA /* SceneDelegate.swift in Sources */ = {isa = PBXBuildFile; fileRef = 36637E792ABD270B006063BA /* SceneDelegate.swift */; };
		36637E7C2ABD270B006063BA /* ViewController.swift in Sources */ = {isa = PBXBuildFile; fileRef = 36637E7B2ABD270B006063BA /* ViewController.swift */; };
		36637E7F2ABD270B006063BA /* Main.storyboard in Resources */ = {isa = PBXBuildFile; fileRef = 36637E7D2ABD270B006063BA /* Main.storyboard */; };
		36637E812ABD270B006063BA /* Assets.xcassets in Resources */ = {isa = PBXBuildFile; fileRef = 36637E802ABD270B006063BA /* Assets.xcassets */; };
		36637E842ABD270B006063BA /* LaunchScreen.storyboard in Resources */ = {isa = PBXBuildFile; fileRef = 36637E822ABD270B006063BA /* LaunchScreen.storyboard */; };
		36637E8F2ABD270B006063BA /* CalculatorAppSwitfTests.swift in Sources */ = {isa = PBXBuildFile; fileRef = 36637E8E2ABD270B006063BA /* CalculatorAppSwitfTests.swift */; };
		36637E992ABD270C006063BA /* CalculatorAppSwitfUITests.swift in Sources */ = {isa = PBXBuildFile; fileRef = 36637E982ABD270C006063BA /* CalculatorAppSwitfUITests.swift */; };
		36637E9B2ABD270C006063BA /* CalculatorAppSwitfUITestsLaunchTests.swift in Sources */ = {isa = PBXBuildFile; fileRef = 36637E9A2ABD270C006063BA /* CalculatorAppSwitfUITestsLaunchTests.swift */; };
/* End PBXBuildFile section */

/* Begin PBXContainerItemProxy section */
		36637E8B2ABD270B006063BA /* PBXContainerItemProxy */ = {
			isa = PBXContainerItemProxy;
			containerPortal = 36637E6C2ABD270B006063BA /* Project object */;
			proxyType = 1;
			remoteGlobalIDString = 36637E732ABD270B006063BA;
			remoteInfo = CalculatorAppSwitf;
		};
		36637E952ABD270C006063BA /* PBXContainerItemProxy */ = {
			isa = PBXContainerItemProxy;
			containerPortal = 36637E6C2ABD270B006063BA /* Project object */;
			proxyType = 1;
			remoteGlobalIDString = 36637E732ABD270B006063BA;
			remoteInfo = CalculatorAppSwitf;
		};
/* End PBXContainerItemProxy section */

/* Begin PBXFileReference section */
		36637E742ABD270B006063BA /* CalculatorAppSwitf.app */ = {isa = PBXFileReference; explicitFileType = wrapper.application; includeInIndex = 0; path = CalculatorAppSwitf.app; sourceTree = BUILT_PRODUCTS_DIR; };
		36637E772ABD270B006063BA /* AppDelegate.swift */ = {isa = PBXFileReference; lastKnownFileType = sourcecode.swift; path = AppDelegate.swift; sourceTree = "<group>"; };
		36637E792ABD270B006063BA /* SceneDelegate.swift */ = {isa = PBXFileReference; lastKnownFileType = sourcecode.swift; path = SceneDelegate.swift; sourceTree = "<group>"; };
		36637E7B2ABD270B006063BA /* ViewController.swift */ = {isa = PBXFileReference; lastKnownFileType = sourcecode.swift; path = ViewController.swift; sourceTree = "<group>"; };
		36637E7E2ABD270B006063BA /* Base */ = {isa = PBXFileReference; lastKnownFileType = file.storyboard; name = Base; path = Base.lproj/Main.storyboard; sourceTree = "<group>"; };
		36637E802ABD270B006063BA /* Assets.xcassets */ = {isa = PBXFileReference; lastKnownFileType = folder.assetcatalog; path = Assets.xcassets; sourceTree = "<group>"; };
		36637E832ABD270B006063BA /* Base */ = {isa = PBXFileReference; lastKnownFileType = file.storyboard; name = Base; path = Base.lproj/LaunchScreen.storyboard; sourceTree = "<group>"; };
		36637E852ABD270B006063BA /* Info.plist */ = {isa = PBXFileReference; lastKnownFileType = text.plist.xml; path = Info.plist; sourceTree = "<group>"; };
		36637E8A2ABD270B006063BA /* CalculatorAppSwitfTests.xctest */ = {isa = PBXFileReference; explicitFileType = wrapper.cfbundle; includeInIndex = 0; path = CalculatorAppSwitfTests.xctest; sourceTree = BUILT_PRODUCTS_DIR; };
		36637E8E2ABD270B006063BA /* CalculatorAppSwitfTests.swift */ = {isa = PBXFileReference; lastKnownFileType = sourcecode.swift; path = CalculatorAppSwitfTests.swift; sourceTree = "<group>"; };
		36637E942ABD270C006063BA /* CalculatorAppSwitfUITests.xctest */ = {isa = PBXFileReference; explicitFileType = wrapper.cfbundle; includeInIndex = 0; path = CalculatorAppSwitfUITests.xctest; sourceTree = BUILT_PRODUCTS_DIR; };
		36637E982ABD270C006063BA /* CalculatorAppSwitfUITests.swift */ = {isa = PBXFileReference; lastKnownFileType = sourcecode.swift; path = CalculatorAppSwitfUITests.swift; sourceTree = "<group>"; };
		36637E9A2ABD270C006063BA /* CalculatorAppSwitfUITestsLaunchTests.swift */ = {isa = PBXFileReference; lastKnownFileType = sourcecode.swift; path = CalculatorAppSwitfUITestsLaunchTests.swift; sourceTree = "<group>"; };
/* End PBXFileReference section */

/* Begin PBXFrameworksBuildPhase section */
		36637E712ABD270B006063BA /* Frameworks */ = {
			isa = PBXFrameworksBuildPhase;
			buildActionMask = 2147483647;
			files = (
			);
			runOnlyForDeploymentPostprocessing = 0;
		};
		36637E872ABD270B006063BA /* Frameworks */ = {
			isa = PBXFrameworksBuildPhase;
			buildActionMask = 2147483647;
			files = (
			);
			runOnlyForDeploymentPostprocessing = 0;
		};
		36637E912ABD270C006063BA /* Frameworks */ = {
			isa = PBXFrameworksBuildPhase;
			buildActionMask = 2147483647;
			files = (
			);
			runOnlyForDeploymentPostprocessing = 0;
		};
/* End PBXFrameworksBuildPhase section */

/* Begin PBXGroup section */
		36637E6B2ABD270B006063BA = {
			isa = PBXGroup;
			children = (
				36637E762ABD270B006063BA /* CalculatorAppSwitf */,
				36637E8D2ABD270B006063BA /* CalculatorAppSwitfTests */,
				36637E972ABD270C006063BA /* CalculatorAppSwitfUITests */,
				36637E752ABD270B006063BA /* Products */,
			);
			sourceTree = "<group>";
		};
		36637E752ABD270B006063BA /* Products */ = {
			isa = PBXGroup;
			children = (
				36637E742ABD270B006063BA /* CalculatorAppSwitf.app */,
				36637E8A2ABD270B006063BA /* CalculatorAppSwitfTests.xctest */,
				36637E942ABD270C006063BA /* CalculatorAppSwitfUITests.xctest */,
			);
			name = Products;
			sourceTree = "<group>";
		};
		36637E762ABD270B006063BA /* CalculatorAppSwitf */ = {
			isa = PBXGroup;
			children = (
				36637E772ABD270B006063BA /* AppDelegate.swift */,
				36637E792ABD270B006063BA /* SceneDelegate.swift */,
				36637E7B2ABD270B006063BA /* ViewController.swift */,
				36637E7D2ABD270B006063BA /* Main.storyboard */,
				36637E802ABD270B006063BA /* Assets.xcassets */,
				36637E822ABD270B006063BA /* LaunchScreen.storyboard */,
				36637E852ABD270B006063BA /* Info.plist */,
			);
			path = CalculatorAppSwitf;
			sourceTree = "<group>";
		};
		36637E8D2ABD270B006063BA /* CalculatorAppSwitfTests */ = {
			isa = PBXGroup;
			children = (
				36637E8E2ABD270B006063BA /* CalculatorAppSwitfTests.swift */,
			);
			path = CalculatorAppSwitfTests;
			sourceTree = "<group>";
		};
		36637E972ABD270C006063BA /* CalculatorAppSwitfUITests */ = {
			isa = PBXGroup;
			children = (
				36637E982ABD270C006063BA /* CalculatorAppSwitfUITests.swift */,
				36637E9A2ABD270C006063BA /* CalculatorAppSwitfUITestsLaunchTests.swift */,
			);
			path = CalculatorAppSwitfUITests;
			sourceTree = "<group>";
		};
/* End PBXGroup section */

/* Begin PBXNativeTarget section */
		36637E732ABD270B006063BA /* CalculatorAppSwitf */ = {
			isa = PBXNativeTarget;
			buildConfigurationList = 36637E9E2ABD270C006063BA /* Build configuration list for PBXNativeTarget "CalculatorAppSwitf" */;
			buildPhases = (
				36637E702ABD270B006063BA /* Sources */,
				36637E712ABD270B006063BA /* Frameworks */,
				36637E722ABD270B006063BA /* Resources */,
			);
			buildRules = (
			);
			dependencies = (
			);
			name = CalculatorAppSwitf;
			productName = CalculatorAppSwitf;
			productReference = 36637E742ABD270B006063BA /* CalculatorAppSwitf.app */;
			productType = "com.apple.product-type.application";
		};
		36637E892ABD270B006063BA /* CalculatorAppSwitfTests */ = {
			isa = PBXNativeTarget;
			buildConfigurationList = 36637EA12ABD270C006063BA /* Build configuration list for PBXNativeTarget "CalculatorAppSwitfTests" */;
			buildPhases = (
				36637E862ABD270B006063BA /* Sources */,
				36637E872ABD270B006063BA /* Frameworks */,
				36637E882ABD270B006063BA /* Resources */,
			);
			buildRules = (
			);
			dependencies = (
				36637E8C2ABD270B006063BA /* PBXTargetDependency */,
			);
			name = CalculatorAppSwitfTests;
			productName = CalculatorAppSwitfTests;
			productReference = 36637E8A2ABD270B006063BA /* CalculatorAppSwitfTests.xctest */;
			productType = "com.apple.product-type.bundle.unit-test";
		};
		36637E932ABD270C006063BA /* CalculatorAppSwitfUITests */ = {
			isa = PBXNativeTarget;
			buildConfigurationList = 36637EA42ABD270C006063BA /* Build configuration list for PBXNativeTarget "CalculatorAppSwitfUITests" */;
			buildPhases = (
				36637E902ABD270C006063BA /* Sources */,
				36637E912ABD270C006063BA /* Frameworks */,
				36637E922ABD270C006063BA /* Resources */,
			);
			buildRules = (
			);
			dependencies = (
				36637E962ABD270C006063BA /* PBXTargetDependency */,
			);
			name = CalculatorAppSwitfUITests;
			productName = CalculatorAppSwitfUITests;
			productReference = 36637E942ABD270C006063BA /* CalculatorAppSwitfUITests.xctest */;
			productType = "com.apple.product-type.bundle.ui-testing";
		};
/* End PBXNativeTarget section */

/* Begin PBXProject section */
		36637E6C2ABD270B006063BA /* Project object */ = {
			isa = PBXProject;
			attributes = {
				BuildIndependentTargetsInParallel = 1;
				LastSwiftUpdateCheck = 1420;
				LastUpgradeCheck = 1420;
				TargetAttributes = {
					36637E732ABD270B006063BA = {
						CreatedOnToolsVersion = 14.2;
					};
					36637E892ABD270B006063BA = {
						CreatedOnToolsVersion = 14.2;
						TestTargetID = 36637E732ABD270B006063BA;
					};
					36637E932ABD270C006063BA = {
						CreatedOnToolsVersion = 14.2;
						TestTargetID = 36637E732ABD270B006063BA;
					};
				};
			};
			buildConfigurationList = 36637E6F2ABD270B006063BA /* Build configuration list for PBXProject "CalculatorAppSwitf" */;
			compatibilityVersion = "Xcode 14.0";
			developmentRegion = en;
			hasScannedForEncodings = 0;
			knownRegions = (
				en,
				Base,
			);
			mainGroup = 36637E6B2ABD270B006063BA;
			productRefGroup = 36637E752ABD270B006063BA /* Products */;
			projectDirPath = "";
			projectRoot = "";
			targets = (
				36637E732ABD270B006063BA /* CalculatorAppSwitf */,
				36637E892ABD270B006063BA /* CalculatorAppSwitfTests */,
				36637E932ABD270C006063BA /* CalculatorAppSwitfUITests */,
			);
		};
/* End PBXProject section */

/* Begin PBXResourcesBuildPhase section */
		36637E722ABD270B006063BA /* Resources */ = {
			isa = PBXResourcesBuildPhase;
			buildActionMask = 2147483647;
			files = (
				36637E842ABD270B006063BA /* LaunchScreen.storyboard in Resources */,
				36637E812ABD270B006063BA /* Assets.xcassets in Resources */,
				36637E7F2ABD270B006063BA /* Main.storyboard in Resources */,
			);
			runOnlyForDeploymentPostprocessing = 0;
		};
		36637E882ABD270B006063BA /* Resources */ = {
			isa = PBXResourcesBuildPhase;
			buildActionMask = 2147483647;
			files = (
			);
			runOnlyForDeploymentPostprocessing = 0;
		};
		36637E922ABD270C006063BA /* Resources */ = {
			isa = PBXResourcesBuildPhase;
			buildActionMask = 2147483647;
			files = (
			);
			runOnlyForDeploymentPostprocessing = 0;
		};
/* End PBXResourcesBuildPhase section */

/* Begin PBXSourcesBuildPhase section */
		36637E702ABD270B006063BA /* Sources */ = {
			isa = PBXSourcesBuildPhase;
			buildActionMask = 2147483647;
			files = (
				36637E7C2ABD270B006063BA /* ViewController.swift in Sources */,
				36637E782ABD270B006063BA /* AppDelegate.swift in Sources */,
				36637E7A2ABD270B006063BA /* SceneDelegate.swift in Sources */,
			);
			runOnlyForDeploymentPostprocessing = 0;
		};
		36637E862ABD270B006063BA /* Sources */ = {
			isa = PBXSourcesBuildPhase;
			buildActionMask = 2147483647;
			files = (
				36637E8F2ABD270B006063BA /* CalculatorAppSwitfTests.swift in Sources */,
			);
			runOnlyForDeploymentPostprocessing = 0;
		};
		36637E902ABD270C006063BA /* Sources */ = {
			isa = PBXSourcesBuildPhase;
			buildActionMask = 2147483647;
			files = (
				36637E9B2ABD270C006063BA /* CalculatorAppSwitfUITestsLaunchTests.swift in Sources */,
				36637E992ABD270C006063BA /* CalculatorAppSwitfUITests.swift in Sources */,
			);
			runOnlyForDeploymentPostprocessing = 0;
		};
/* End PBXSourcesBuildPhase section */

/* Begin PBXTargetDependency section */
		36637E8C2ABD270B006063BA /* PBXTargetDependency */ = {
			isa = PBXTargetDependency;
			target = 36637E732ABD270B006063BA /* CalculatorAppSwitf */;
			targetProxy = 36637E8B2ABD270B006063BA /* PBXContainerItemProxy */;
		};
		36637E962ABD270C006063BA /* PBXTargetDependency */ = {
			isa = PBXTargetDependency;
			target = 36637E732ABD270B006063BA /* CalculatorAppSwitf */;
			targetProxy = 36637E952ABD270C006063BA /* PBXContainerItemProxy */;
		};
/* End PBXTargetDependency section */

/* Begin PBXVariantGroup section */
		36637E7D2ABD270B006063BA /* Main.storyboard */ = {
			isa = PBXVariantGroup;
			children = (
				36637E7E2ABD270B006063BA /* Base */,
			);
			name = Main.storyboard;
			sourceTree = "<group>";
		};
		36637E822ABD270B006063BA /* LaunchScreen.storyboard */ = {
			isa = PBXVariantGroup;
			children = (
				36637E832ABD270B006063BA /* Base */,
			);
			name = LaunchScreen.storyboard;
			sourceTree = "<group>";
		};
/* End PBXVariantGroup section */

/* Begin XCBuildConfiguration section */
		36637E9C2ABD270C006063BA /* Debug */ = {
			isa = XCBuildConfiguration;
			buildSettings = {
				ALWAYS_SEARCH_USER_PATHS = NO;
				CLANG_ANALYZER_NONNULL = YES;
				CLANG_ANALYZER_NUMBER_OBJECT_CONVERSION = YES_AGGRESSIVE;
				CLANG_CXX_LANGUAGE_STANDARD = "gnu++20";
				CLANG_ENABLE_MODULES = YES;
				CLANG_ENABLE_OBJC_ARC = YES;
				CLANG_ENABLE_OBJC_WEAK = YES;
				CLANG_WARN_BLOCK_CAPTURE_AUTORELEASING = YES;
				CLANG_WARN_BOOL_CONVERSION = YES;
				CLANG_WARN_COMMA = YES;
				CLANG_WARN_CONSTANT_CONVERSION = YES;
				CLANG_WARN_DEPRECATED_OBJC_IMPLEMENTATIONS = YES;
				CLANG_WARN_DIRECT_OBJC_ISA_USAGE = YES_ERROR;
				CLANG_WARN_DOCUMENTATION_COMMENTS = YES;
				CLANG_WARN_EMPTY_BODY = YES;
				CLANG_WARN_ENUM_CONVERSION = YES;
				CLANG_WARN_INFINITE_RECURSION = YES;
				CLANG_WARN_INT_CONVERSION = YES;
				CLANG_WARN_NON_LITERAL_NULL_CONVERSION = YES;
				CLANG_WARN_OBJC_IMPLICIT_RETAIN_SELF = YES;
				CLANG_WARN_OBJC_LITERAL_CONVERSION = YES;
				CLANG_WARN_OBJC_ROOT_CLASS = YES_ERROR;
				CLANG_WARN_QUOTED_INCLUDE_IN_FRAMEWORK_HEADER = YES;
				CLANG_WARN_RANGE_LOOP_ANALYSIS = YES;
				CLANG_WARN_STRICT_PROTOTYPES = YES;
				CLANG_WARN_SUSPICIOUS_MOVE = YES;
				CLANG_WARN_UNGUARDED_AVAILABILITY = YES_AGGRESSIVE;
				CLANG_WARN_UNREACHABLE_CODE = YES;
				CLANG_WARN__DUPLICATE_METHOD_MATCH = YES;
				COPY_PHASE_STRIP = NO;
				DEBUG_INFORMATION_FORMAT = dwarf;
				ENABLE_STRICT_OBJC_MSGSEND = YES;
				ENABLE_TESTABILITY = YES;
				GCC_C_LANGUAGE_STANDARD = gnu11;
				GCC_DYNAMIC_NO_PIC = NO;
				GCC_NO_COMMON_BLOCKS = YES;
				GCC_OPTIMIZATION_LEVEL = 0;
				GCC_PREPROCESSOR_DEFINITIONS = (
					"DEBUG=1",
					"$(inherited)",
				);
				GCC_WARN_64_TO_32_BIT_CONVERSION = YES;
				GCC_WARN_ABOUT_RETURN_TYPE = YES_ERROR;
				GCC_WARN_UNDECLARED_SELECTOR = YES;
				GCC_WARN_UNINITIALIZED_AUTOS = YES_AGGRESSIVE;
				GCC_WARN_UNUSED_FUNCTION = YES;
				GCC_WARN_UNUSED_VARIABLE = YES;
				IPHONEOS_DEPLOYMENT_TARGET = 16.2;
				MTL_ENABLE_DEBUG_INFO = INCLUDE_SOURCE;
				MTL_FAST_MATH = YES;
				ONLY_ACTIVE_ARCH = YES;
				SDKROOT = iphoneos;
				SWIFT_ACTIVE_COMPILATION_CONDITIONS = DEBUG;
				SWIFT_OPTIMIZATION_LEVEL = "-Onone";
			};
			name = Debug;
		};
		36637E9D2ABD270C006063BA /* Release */ = {
			isa = XCBuildConfiguration;
			buildSettings = {
				ALWAYS_SEARCH_USER_PATHS = NO;
				CLANG_ANALYZER_NONNULL = YES;
				CLANG_ANALYZER_NUMBER_OBJECT_CONVERSION = YES_AGGRESSIVE;
				CLANG_CXX_LANGUAGE_STANDARD = "gnu++20";
				CLANG_ENABLE_MODULES = YES;
				CLANG_ENABLE_OBJC_ARC = YES;
				CLANG_ENABLE_OBJC_WEAK = YES;
				CLANG_WARN_BLOCK_CAPTURE_AUTORELEASING = YES;
				CLANG_WARN_BOOL_CONVERSION = YES;
				CLANG_WARN_COMMA = YES;
				CLANG_WARN_CONSTANT_CONVERSION = YES;
				CLANG_WARN_DEPRECATED_OBJC_IMPLEMENTATIONS = YES;
				CLANG_WARN_DIRECT_OBJC_ISA_USAGE = YES_ERROR;
				CLANG_WARN_DOCUMENTATION_COMMENTS = YES;
				CLANG_WARN_EMPTY_BODY = YES;
				CLANG_WARN_ENUM_CONVERSION = YES;
				CLANG_WARN_INFINITE_RECURSION = YES;
				CLANG_WARN_INT_CONVERSION = YES;
				CLANG_WARN_NON_LITERAL_NULL_CONVERSION = YES;
				CLANG_WARN_OBJC_IMPLICIT_RETAIN_SELF = YES;
				CLANG_WARN_OBJC_LITERAL_CONVERSION = YES;
				CLANG_WARN_OBJC_ROOT_CLASS = YES_ERROR;
				CLANG_WARN_QUOTED_INCLUDE_IN_FRAMEWORK_HEADER = YES;
				CLANG_WARN_RANGE_LOOP_ANALYSIS = YES;
				CLANG_WARN_STRICT_PROTOTYPES = YES;
				CLANG_WARN_SUSPICIOUS_MOVE = YES;
				CLANG_WARN_UNGUARDED_AVAILABILITY = YES_AGGRESSIVE;
				CLANG_WARN_UNREACHABLE_CODE = YES;
				CLANG_WARN__DUPLICATE_METHOD_MATCH = YES;
				COPY_PHASE_STRIP = NO;
				DEBUG_INFORMATION_FORMAT = "dwarf-with-dsym";
				ENABLE_NS_ASSERTIONS = NO;
				ENABLE_STRICT_OBJC_MSGSEND = YES;
				GCC_C_LANGUAGE_STANDARD = gnu11;
				GCC_NO_COMMON_BLOCKS = YES;
				GCC_WARN_64_TO_32_BIT_CONVERSION = YES;
				GCC_WARN_ABOUT_RETURN_TYPE = YES_ERROR;
				GCC_WARN_UNDECLARED_SELECTOR = YES;
				GCC_WARN_UNINITIALIZED_AUTOS = YES_AGGRESSIVE;
				GCC_WARN_UNUSED_FUNCTION = YES;
				GCC_WARN_UNUSED_VARIABLE = YES;
				IPHONEOS_DEPLOYMENT_TARGET = 16.2;
				MTL_ENABLE_DEBUG_INFO = NO;
				MTL_FAST_MATH = YES;
				SDKROOT = iphoneos;
				SWIFT_COMPILATION_MODE = wholemodule;
				SWIFT_OPTIMIZATION_LEVEL = "-O";
				VALIDATE_PRODUCT = YES;
			};
			name = Release;
		};
		36637E9F2ABD270C006063BA /* Debug */ = {
			isa = XCBuildConfiguration;
			buildSettings = {
				ASSETCATALOG_COMPILER_APPICON_NAME = AppIcon;
				ASSETCATALOG_COMPILER_GLOBAL_ACCENT_COLOR_NAME = AccentColor;
				CODE_SIGN_STYLE = Automatic;
				CURRENT_PROJECT_VERSION = 1;
				GENERATE_INFOPLIST_FILE = YES;
				INFOPLIST_FILE = CalculatorAppSwitf/Info.plist;
				INFOPLIST_KEY_UIApplicationSupportsIndirectInputEvents = YES;
				INFOPLIST_KEY_UILaunchStoryboardName = LaunchScreen;
				INFOPLIST_KEY_UIMainStoryboardFile = Main;
				INFOPLIST_KEY_UISupportedInterfaceOrientations_iPad = "UIInterfaceOrientationPortrait UIInterfaceOrientationPortraitUpsideDown UIInterfaceOrientationLandscapeLeft UIInterfaceOrientationLandscapeRight";
				INFOPLIST_KEY_UISupportedInterfaceOrientations_iPhone = "UIInterfaceOrientationPortrait UIInterfaceOrientationLandscapeLeft UIInterfaceOrientationLandscapeRight";
				LD_RUNPATH_SEARCH_PATHS = (
					"$(inherited)",
					"@executable_path/Frameworks",
				);
				MARKETING_VERSION = 1.0;
				PRODUCT_BUNDLE_IDENTIFIER = com.phincon.CalculatorAppSwitf;
				PRODUCT_NAME = "$(TARGET_NAME)";
				SWIFT_EMIT_LOC_STRINGS = YES;
				SWIFT_VERSION = 5.0;
				TARGETED_DEVICE_FAMILY = "1,2";
			};
			name = Debug;
		};
		36637EA02ABD270C006063BA /* Release */ = {
			isa = XCBuildConfiguration;
			buildSettings = {
				ASSETCATALOG_COMPILER_APPICON_NAME = AppIcon;
				ASSETCATALOG_COMPILER_GLOBAL_ACCENT_COLOR_NAME = AccentColor;
				CODE_SIGN_STYLE = Automatic;
				CURRENT_PROJECT_VERSION = 1;
				GENERATE_INFOPLIST_FILE = YES;
				INFOPLIST_FILE = CalculatorAppSwitf/Info.plist;
				INFOPLIST_KEY_UIApplicationSupportsIndirectInputEvents = YES;
				INFOPLIST_KEY_UILaunchStoryboardName = LaunchScreen;
				INFOPLIST_KEY_UIMainStoryboardFile = Main;
				INFOPLIST_KEY_UISupportedInterfaceOrientations_iPad = "UIInterfaceOrientationPortrait UIInterfaceOrientationPortraitUpsideDown UIInterfaceOrientationLandscapeLeft UIInterfaceOrientationLandscapeRight";
				INFOPLIST_KEY_UISupportedInterfaceOrientations_iPhone = "UIInterfaceOrientationPortrait UIInterfaceOrientationLandscapeLeft UIInterfaceOrientationLandscapeRight";
				LD_RUNPATH_SEARCH_PATHS = (
					"$(inherited)",
					"@executable_path/Frameworks",
				);
				MARKETING_VERSION = 1.0;
				PRODUCT_BUNDLE_IDENTIFIER = com.phincon.CalculatorAppSwitf;
				PRODUCT_NAME = "$(TARGET_NAME)";
				SWIFT_EMIT_LOC_STRINGS = YES;
				SWIFT_VERSION = 5.0;
				TARGETED_DEVICE_FAMILY = "1,2";
			};
			name = Release;
		};
		36637EA22ABD270C006063BA /* Debug */ = {
			isa = XCBuildConfiguration;
			buildSettings = {
				ALWAYS_EMBED_SWIFT_STANDARD_LIBRARIES = YES;
				BUNDLE_LOADER = "$(TEST_HOST)";
				CODE_SIGN_STYLE = Automatic;
				CURRENT_PROJECT_VERSION = 1;
				GENERATE_INFOPLIST_FILE = YES;
				IPHONEOS_DEPLOYMENT_TARGET = 16.2;
				MARKETING_VERSION = 1.0;
				PRODUCT_BUNDLE_IDENTIFIER = com.phincon.CalculatorAppSwitfTests;
				PRODUCT_NAME = "$(TARGET_NAME)";
				SWIFT_EMIT_LOC_STRINGS = NO;
				SWIFT_VERSION = 5.0;
				TARGETED_DEVICE_FAMILY = "1,2";
				TEST_HOST = "$(BUILT_PRODUCTS_DIR)/CalculatorAppSwitf.app/$(BUNDLE_EXECUTABLE_FOLDER_PATH)/CalculatorAppSwitf";
			};
			name = Debug;
		};
		36637EA32ABD270C006063BA /* Release */ = {
			isa = XCBuildConfiguration;
			buildSettings = {
				ALWAYS_EMBED_SWIFT_STANDARD_LIBRARIES = YES;
				BUNDLE_LOADER = "$(TEST_HOST)";
				CODE_SIGN_STYLE = Automatic;
				CURRENT_PROJECT_VERSION = 1;
				GENERATE_INFOPLIST_FILE = YES;
				IPHONEOS_DEPLOYMENT_TARGET = 16.2;
				MARKETING_VERSION = 1.0;
				PRODUCT_BUNDLE_IDENTIFIER = com.phincon.CalculatorAppSwitfTests;
				PRODUCT_NAME = "$(TARGET_NAME)";
				SWIFT_EMIT_LOC_STRINGS = NO;
				SWIFT_VERSION = 5.0;
				TARGETED_DEVICE_FAMILY = "1,2";
				TEST_HOST = "$(BUILT_PRODUCTS_DIR)/CalculatorAppSwitf.app/$(BUNDLE_EXECUTABLE_FOLDER_PATH)/CalculatorAppSwitf";
			};
			name = Release;
		};
		36637EA52ABD270C006063BA /* Debug */ = {
			isa = XCBuildConfiguration;
			buildSettings = {
				ALWAYS_EMBED_SWIFT_STANDARD_LIBRARIES = YES;
				CODE_SIGN_STYLE = Automatic;
				CURRENT_PROJECT_VERSION = 1;
				GENERATE_INFOPLIST_FILE = YES;
				MARKETING_VERSION = 1.0;
				PRODUCT_BUNDLE_IDENTIFIER = com.phincon.CalculatorAppSwitfUITests;
				PRODUCT_NAME = "$(TARGET_NAME)";
				SWIFT_EMIT_LOC_STRINGS = NO;
				SWIFT_VERSION = 5.0;
				TARGETED_DEVICE_FAMILY = "1,2";
				TEST_TARGET_NAME = CalculatorAppSwitf;
			};
			name = Debug;
		};
		36637EA62ABD270C006063BA /* Release */ = {
			isa = XCBuildConfiguration;
			buildSettings = {
				ALWAYS_EMBED_SWIFT_STANDARD_LIBRARIES = YES;
				CODE_SIGN_STYLE = Automatic;
				CURRENT_PROJECT_VERSION = 1;
				GENERATE_INFOPLIST_FILE = YES;
				MARKETING_VERSION = 1.0;
				PRODUCT_BUNDLE_IDENTIFIER = com.phincon.CalculatorAppSwitfUITests;
				PRODUCT_NAME = "$(TARGET_NAME)";
				SWIFT_EMIT_LOC_STRINGS = NO;
				SWIFT_VERSION = 5.0;
				TARGETED_DEVICE_FAMILY = "1,2";
				TEST_TARGET_NAME = CalculatorAppSwitf;
			};
			name = Release;
		};
/* End XCBuildConfiguration section */

/* Begin XCConfigurationList section */
		36637E6F2ABD270B006063BA /* Build configuration list for PBXProject "CalculatorAppSwitf" */ = {
			isa = XCConfigurationList;
			buildConfigurations = (
				36637E9C2ABD270C006063BA /* Debug */,
				36637E9D2ABD270C006063BA /* Release */,
			);
			defaultConfigurationIsVisible = 0;
			defaultConfigurationName = Release;
		};
		36637E9E2ABD270C006063BA /* Build configuration list for PBXNativeTarget "CalculatorAppSwitf" */ = {
			isa = XCConfigurationList;
			buildConfigurations = (
				36637E9F2ABD270C006063BA /* Debug */,
				36637EA02ABD270C006063BA /* Release */,
			);
			defaultConfigurationIsVisible = 0;
			defaultConfigurationName = Release;
		};
		36637EA12ABD270C006063BA /* Build configuration list for PBXNativeTarget "CalculatorAppSwitfTests" */ = {
			isa = XCConfigurationList;
			buildConfigurations = (
				36637EA22ABD270C006063BA /* Debug */,
				36637EA32ABD270C006063BA /* Release */,
			);
			defaultConfigurationIsVisible = 0;
			defaultConfigurationName = Release;
		};
		36637EA42ABD270C006063BA /* Build configuration list for PBXNativeTarget "CalculatorAppSwitfUITests" */ = {
			isa = XCConfigurationList;
			buildConfigurations = (
				36637EA52ABD270C006063BA /* Debug */,
				36637EA62ABD270C006063BA /* Release */,
			);
			defaultConfigurationIsVisible = 0;
			defaultConfigurationName = Release;
		};
/* End XCConfigurationList section */
	};
	rootObject = 36637E6C2ABD270B006063BA /* Project object */;
}
